{
  "originHash" : "4adedeaad012810fb960cee4a1b7605b916bcb63b3d3eecf346c00e93ac910d1",
  "pins" : [
    {
      "identity" : "statusbarkit",
      "kind" : "remoteSourceControl",
      "location" : "https://github.com/hytfjwr/StatusBarKit",
      "state" : {
        "revision" : "6e03b721215d2c6cf86b1ca6d101c9cb13e63666",
        "version" : "1.6.0"
      }
    }
  ],
  "version" : 3
}
